
Microsoft Visual Studio Solution File, Format Version 12.00
# Visual Studio Express 2013 for Windows Desktop
VisualStudioVersion = 12.0.21005.1
MinimumVisualStudioVersion = 10.0.40219.1
Project("{FAE04EC0-301F-11D3-BF4B-00C04F79EFBC}") = "ExifViewer", "ExifViewer\ExifViewer.csproj", "{25A10A04-0292-4135-B963-A07A69FEE66E}"
EndProject
Project("{FAE04EC0-301F-11D3-BF4B-00C04F79EFBC}") = "ExifLibibrary", "ExifLibrary\ExifLibrary.csproj", "{2C266D8A-F6B5-48D3-8B7D-7B7E63EA7E7B}"
EndProject
Global
	GlobalSection(SolutionConfigurationPlatforms) = preSolution
		Debug|Any CPU = Debug|Any CPU
		Release|Any CPU = Release|Any CPU
	EndGlobalSection
	GlobalSection(ProjectConfigurationPlatforms) = postSolution
		{25A10A04-0292-4135-B963-A07A69FEE66E}.Debug|Any CPU.ActiveCfg = Debug|Any CPU
		{25A10A04-0292-4135-B963-A07A69FEE66E}.Debug|Any CPU.Build.0 = Debug|Any CPU
		{25A10A04-0292-4135-B963-A07A69FEE66E}.Release|Any CPU.ActiveCfg = Release|Any CPU
		{25A10A04-0292-4135-B963-A07A69FEE66E}.Release|Any CPU.Build.0 = Release|Any CPU
		{2C266D8A-F6B5-48D3-8B7D-7B7E63EA7E7B}.Debug|Any CPU.ActiveCfg = Debug|Any CPU
		{2C266D8A-F6B5-48D3-8B7D-7B7E63EA7E7B}.Debug|Any CPU.Build.0 = Debug|Any CPU
		{2C266D8A-F6B5-48D3-8B7D-7B7E63EA7E7B}.Release|Any CPU.ActiveCfg = Release|Any CPU
		{2C266D8A-F6B5-48D3-8B7D-7B7E63EA7E7B}.Release|Any CPU.Build.0 = Release|Any CPU
	EndGlobalSection
	GlobalSection(SolutionProperties) = preSolution
		HideSolutionNode = FALSE
	EndGlobalSection
EndGlobal
